
Microsoft Visual Studio Solution File, Format Version 12.00
# Visual Studio 2012
Project("{FAE04EC0-301F-11D3-BF4B-00C04F79EFBC}") = "csharp-ide", "csharp-ide.csproj", "{F22549C5-7134-4274-BEE8-B87C80C95AD9}"
EndProject
Project("{FAE04EC0-301F-11D3-BF4B-00C04F79EFBC}") = "lib", "lib\lib.csproj", "{270A0927-4562-48FD-A17B-4C1C4A4486F2}"
EndProject
Project("{FAE04EC0-301F-11D3-BF4B-00C04F79EFBC}") = "WinFormsUI", "Clifton.DockableWindows\WinFormsUI\WinFormsUI.csproj", "{C75532C4-765B-418E-B09B-46D36B2ABDB1}"
EndProject
Project("{FAE04EC0-301F-11D3-BF4B-00C04F79EFBC}") = "XTree", "XTree\XTree.csproj", "{19295667-0226-4063-AC67-5BE2D62365DF}"
EndProject
Project("{FAE04EC0-301F-11D3-BF4B-00C04F79EFBC}") = "XTreeInterfaces", "XTreeInterfaces\XTreeInterfaces.csproj", "{ED7A4527-B09B-4DED-9D86-18FCD1BF7A3D}"
EndProject
Project("{FAE04EC0-301F-11D3-BF4B-00C04F79EFBC}") = "Clifton.Windows.Forms", "Clifton.Windows.Forms\Clifton.Windows.Forms.csproj", "{53154E00-B945-49F5-BAB6-F350211CB993}"
EndProject
Project("{FAE04EC0-301F-11D3-BF4B-00C04F79EFBC}") = "ceptrlib", "ceptrlib\ceptrlib.csproj", "{0CA064DE-E9E2-4E10-BBB1-7055A154AA46}"
EndProject
Global
	GlobalSection(SolutionConfigurationPlatforms) = preSolution
		Debug|Any CPU = Debug|Any CPU
		Debug|x86 = Debug|x86
		Release|Any CPU = Release|Any CPU
		Release|x86 = Release|x86
	EndGlobalSection
	GlobalSection(ProjectConfigurationPlatforms) = postSolution
		{F22549C5-7134-4274-BEE8-B87C80C95AD9}.Debug|Any CPU.ActiveCfg = Debug|x86
		{F22549C5-7134-4274-BEE8-B87C80C95AD9}.Debug|Any CPU.Build.0 = Debug|x86
		{F22549C5-7134-4274-BEE8-B87C80C95AD9}.Debug|x86.ActiveCfg = Debug|Any CPU
		{F22549C5-7134-4274-BEE8-B87C80C95AD9}.Release|Any CPU.ActiveCfg = Release|Any CPU
		{F22549C5-7134-4274-BEE8-B87C80C95AD9}.Release|Any CPU.Build.0 = Release|Any CPU
		{F22549C5-7134-4274-BEE8-B87C80C95AD9}.Release|x86.ActiveCfg = Release|Any CPU
		{270A0927-4562-48FD-A17B-4C1C4A4486F2}.Debug|Any CPU.ActiveCfg = Debug|x86
		{270A0927-4562-48FD-A17B-4C1C4A4486F2}.Debug|Any CPU.Build.0 = Debug|x86
		{270A0927-4562-48FD-A17B-4C1C4A4486F2}.Debug|x86.ActiveCfg = Debug|Any CPU
		{270A0927-4562-48FD-A17B-4C1C4A4486F2}.Release|Any CPU.ActiveCfg = Release|Any CPU
		{270A0927-4562-48FD-A17B-4C1C4A4486F2}.Release|Any CPU.Build.0 = Release|Any CPU
		{270A0927-4562-48FD-A17B-4C1C4A4486F2}.Release|x86.ActiveCfg = Release|Any CPU
		{C75532C4-765B-418E-B09B-46D36B2ABDB1}.Debug|Any CPU.ActiveCfg = Debug|x86
		{C75532C4-765B-418E-B09B-46D36B2ABDB1}.Debug|Any CPU.Build.0 = Debug|x86
		{C75532C4-765B-418E-B09B-46D36B2ABDB1}.Debug|x86.ActiveCfg = Debug|x86
		{C75532C4-765B-418E-B09B-46D36B2ABDB1}.Debug|x86.Build.0 = Debug|x86
		{C75532C4-765B-418E-B09B-46D36B2ABDB1}.Release|Any CPU.ActiveCfg = Release|Any CPU
		{C75532C4-765B-418E-B09B-46D36B2ABDB1}.Release|Any CPU.Build.0 = Release|Any CPU
		{C75532C4-765B-418E-B09B-46D36B2ABDB1}.Release|x86.ActiveCfg = Release|x86
		{C75532C4-765B-418E-B09B-46D36B2ABDB1}.Release|x86.Build.0 = Release|x86
		{19295667-0226-4063-AC67-5BE2D62365DF}.Debug|Any CPU.ActiveCfg = Debug|x86
		{19295667-0226-4063-AC67-5BE2D62365DF}.Debug|Any CPU.Build.0 = Debug|x86
		{19295667-0226-4063-AC67-5BE2D62365DF}.Debug|x86.ActiveCfg = Debug|Any CPU
		{19295667-0226-4063-AC67-5BE2D62365DF}.Release|Any CPU.ActiveCfg = Release|Any CPU
		{19295667-0226-4063-AC67-5BE2D62365DF}.Release|Any CPU.Build.0 = Release|Any CPU
		{19295667-0226-4063-AC67-5BE2D62365DF}.Release|x86.ActiveCfg = Release|Any CPU
		{ED7A4527-B09B-4DED-9D86-18FCD1BF7A3D}.Debug|Any CPU.ActiveCfg = Debug|x86
		{ED7A4527-B09B-4DED-9D86-18FCD1BF7A3D}.Debug|Any CPU.Build.0 = Debug|x86
		{ED7A4527-B09B-4DED-9D86-18FCD1BF7A3D}.Debug|x86.ActiveCfg = Debug|Any CPU
		{ED7A4527-B09B-4DED-9D86-18FCD1BF7A3D}.Release|Any CPU.ActiveCfg = Release|Any CPU
		{ED7A4527-B09B-4DED-9D86-18FCD1BF7A3D}.Release|Any CPU.Build.0 = Release|Any CPU
		{ED7A4527-B09B-4DED-9D86-18FCD1BF7A3D}.Release|x86.ActiveCfg = Release|Any CPU
		{53154E00-B945-49F5-BAB6-F350211CB993}.Debug|Any CPU.ActiveCfg = Debug|x86
		{53154E00-B945-49F5-BAB6-F350211CB993}.Debug|Any CPU.Build.0 = Debug|x86
		{53154E00-B945-49F5-BAB6-F350211CB993}.Debug|x86.ActiveCfg = Debug|Any CPU
		{53154E00-B945-49F5-BAB6-F350211CB993}.Release|Any CPU.ActiveCfg = Release|Any CPU
		{53154E00-B945-49F5-BAB6-F350211CB993}.Release|Any CPU.Build.0 = Release|Any CPU
		{53154E00-B945-49F5-BAB6-F350211CB993}.Release|x86.ActiveCfg = Release|Any CPU
		{0CA064DE-E9E2-4E10-BBB1-7055A154AA46}.Debug|Any CPU.ActiveCfg = Debug|x86
		{0CA064DE-E9E2-4E10-BBB1-7055A154AA46}.Debug|Any CPU.Build.0 = Debug|x86
		{0CA064DE-E9E2-4E10-BBB1-7055A154AA46}.Debug|x86.ActiveCfg = Debug|Any CPU
		{0CA064DE-E9E2-4E10-BBB1-7055A154AA46}.Release|Any CPU.ActiveCfg = Release|Any CPU
		{0CA064DE-E9E2-4E10-BBB1-7055A154AA46}.Release|Any CPU.Build.0 = Release|Any CPU
		{0CA064DE-E9E2-4E10-BBB1-7055A154AA46}.Release|x86.ActiveCfg = Release|Any CPU
	EndGlobalSection
	GlobalSection(SolutionProperties) = preSolution
		HideSolutionNode = FALSE
	EndGlobalSection
EndGlobal
